{
  "name": "grasshopper-dev-tools",
  "version": "1.0.0",
  "lockfileVersion": 1,
  "requires": true,
  "dependencies": {
    "lit-element": {
      "version": "2.2.1",
      "resolved": "https://artifactory.ing.net/artifactory/api/npm/releases_npm_all/lit-element/-/lit-element-2.2.1.tgz",
      "integrity": "sha1-eclNjP3C1zskVlbjeZG9HkgR2W8=",
      "requires": {
        "lit-html": "^1.0.0"
      }
    },
    "lit-html": {
      "version": "1.1.2",
      "resolved": "https://artifactory.ing.net/artifactory/api/npm/releases_npm_all/lit-html/-/lit-html-1.1.2.tgz",
      "integrity": "sha1-LjVgpwdSECQ2SciIrXOOrw2qg3Q="
    }
  }
}
